// !$*UTF8*$!
{
	archiveVersion = 1;
	classes = {
	};
	objectVersion = 46;
	objects = {

/* Begin PBXBuildFile section */
		3C8B976D32A33441FE984434 /* libPods-EarlGreyBootcamp.a in Frameworks */ = {isa = PBXBuildFile; fileRef = B9FFC7FCF5715336D1888A2A /* libPods-EarlGreyBootcamp.a */; };
		ABC704EA1D00C29300C1D606 /* main.m in Sources */ = {isa = PBXBuildFile; fileRef = ABC704E91D00C29300C1D606 /* main.m */; };
		ABC704ED1D00C29300C1D606 /* AppDelegate.m in Sources */ = {isa = PBXBuildFile; fileRef = ABC704EC1D00C29300C1D606 /* AppDelegate.m */; };
		ABC704F51D00C29300C1D606 /* Assets.xcassets in Resources */ = {isa = PBXBuildFile; fileRef = ABC704F41D00C29300C1D606 /* Assets.xcassets */; };
		ABC704F81D00C29300C1D606 /* LaunchScreen.storyboard in Resources */ = {isa = PBXBuildFile; fileRef = ABC704F61D00C29300C1D606 /* LaunchScreen.storyboard */; };
		ABC7050F1D00C48300C1D606 /* Pivot.m in Sources */ = {isa = PBXBuildFile; fileRef = ABC7050D1D00C48300C1D606 /* Pivot.m */; };
		ABC705181D00C58B00C1D606 /* BootcampTableViewController.m in Sources */ = {isa = PBXBuildFile; fileRef = ABC705111D00C58B00C1D606 /* BootcampTableViewController.m */; };
		ABC705191D00C58B00C1D606 /* BootcampTableViewController.xib in Resources */ = {isa = PBXBuildFile; fileRef = ABC705121D00C58B00C1D606 /* BootcampTableViewController.xib */; };
		ABC7051A1D00C58B00C1D606 /* Constants.m in Sources */ = {isa = PBXBuildFile; fileRef = ABC705141D00C58B00C1D606 /* Constants.m */; };
		ABC7051B1D00C58B00C1D606 /* DetailsViewController.m in Sources */ = {isa = PBXBuildFile; fileRef = ABC705161D00C58B00C1D606 /* DetailsViewController.m */; };
		ABC7051C1D00C58B00C1D606 /* DetailsViewController.xib in Resources */ = {isa = PBXBuildFile; fileRef = ABC705171D00C58B00C1D606 /* DetailsViewController.xib */; };
		AE04902E1D1C8DE80047CB7F /* EarlGrey.framework in CopyFiles */ = {isa = PBXBuildFile; fileRef = AE04902D1D1C8DE80047CB7F /* EarlGrey.framework */; settings = {ATTRIBUTES = (CodeSignOnCopy, ); }; };
		AE0490301D1C8E2F0047CB7F /* ExampleTest1.m in Sources */ = {isa = PBXBuildFile; fileRef = AE04902F1D1C8E2F0047CB7F /* ExampleTest1.m */; };
		AEA5C4BB1D1C8B00005D15F4 /* EarlGreyBootcampTests.m in Sources */ = {isa = PBXBuildFile; fileRef = AEA5C4BA1D1C8B00005D15F4 /* EarlGreyBootcampTests.m */; };
		C64B824A087117AEBE2FA682 /* libPods-EarlGreyBootcampTests.a in Frameworks */ = {isa = PBXBuildFile; fileRef = 899F644BCA722E2DCE9F05AE /* libPods-EarlGreyBootcampTests.a */; settings = {ATTRIBUTES = (Required, ); }; };
/* End PBXBuildFile section */

/* Begin PBXContainerItemProxy section */
		AE796D0E1D1C954E0077681C /* PBXContainerItemProxy */ = {
			isa = PBXContainerItemProxy;
			containerPortal = AE796D061D1C954E0077681C /* Pods.xcodeproj */;
			proxyType = 2;
			remoteGlobalIDString = E9BFDC1544429434F7C38EA9965EBDBC;
			remoteInfo = AFNetworking;
		};
		AE796D101D1C954E0077681C /* PBXContainerItemProxy */ = {
			isa = PBXContainerItemProxy;
			containerPortal = AE796D061D1C954E0077681C /* Pods.xcodeproj */;
			proxyType = 2;
			remoteGlobalIDString = CAEC0729834BF3AD1D96A4436FA69B11;
			remoteInfo = KSDeferred;
		};
		AE796D121D1C954E0077681C /* PBXContainerItemProxy */ = {
			isa = PBXContainerItemProxy;
			containerPortal = AE796D061D1C954E0077681C /* Pods.xcodeproj */;
			proxyType = 2;
			remoteGlobalIDString = CBE4179214F87B952D89F0A85C631F35;
			remoteInfo = Mantle;
		};
		AE796D141D1C954E0077681C /* PBXContainerItemProxy */ = {
			isa = PBXContainerItemProxy;
			containerPortal = AE796D061D1C954E0077681C /* Pods.xcodeproj */;
			proxyType = 2;
			remoteGlobalIDString = A86A988506E1CFDD970B6379906E4E36;
			remoteInfo = "Pods-EarlGreyBootcamp";
		};
		AE796D161D1C954E0077681C /* PBXContainerItemProxy */ = {
			isa = PBXContainerItemProxy;
			containerPortal = AE796D061D1C954E0077681C /* Pods.xcodeproj */;
			proxyType = 2;
			remoteGlobalIDString = 9202014EB4E5A97B4FEAC67C7C906A4B;
			remoteInfo = "Pods-EarlGreyBootcampTests";
		};
		AEA5C4BD1D1C8B00005D15F4 /* PBXContainerItemProxy */ = {
			isa = PBXContainerItemProxy;
			containerPortal = ABC704DD1D00C29300C1D606 /* Project object */;
			proxyType = 1;
			remoteGlobalIDString = ABC704E41D00C29300C1D606;
			remoteInfo = EarlGreyBootcamp;
		};
/* End PBXContainerItemProxy section */

/* Begin PBXCopyFilesBuildPhase section */
		AE04902C1D1C8D9D0047CB7F /* CopyFiles */ = {
			isa = PBXCopyFilesBuildPhase;
			buildActionMask = 2147483647;
			dstPath = "$(TEST_HOST)/..";
			dstSubfolderSpec = 0;
			files = (
				AE04902E1D1C8DE80047CB7F /* EarlGrey.framework in CopyFiles */,
			);
			runOnlyForDeploymentPostprocessing = 0;
		};
/* End PBXCopyFilesBuildPhase section */

/* Begin PBXFileReference section */
		075A668231E53D432C160190 /* Pods-EarlGreyBootcamp.debug.xcconfig */ = {isa = PBXFileReference; includeInIndex = 1; lastKnownFileType = text.xcconfig; name = "Pods-EarlGreyBootcamp.debug.xcconfig"; path = "Pods/Target Support Files/Pods-EarlGreyBootcamp/Pods-EarlGreyBootcamp.debug.xcconfig"; sourceTree = "<group>"; };
		103E506320E2F41939F93602 /* Pods-EarlGreyBootcampTests.release.xcconfig */ = {isa = PBXFileReference; includeInIndex = 1; lastKnownFileType = text.xcconfig; name = "Pods-EarlGreyBootcampTests.release.xcconfig"; path = "Pods/Target Support Files/Pods-EarlGreyBootcampTests/Pods-EarlGreyBootcampTests.release.xcconfig"; sourceTree = "<group>"; };
		7251A28E15878A01B9B58102 /* Pods-EarlGreyBootcampTests.debug.xcconfig */ = {isa = PBXFileReference; includeInIndex = 1; lastKnownFileType = text.xcconfig; name = "Pods-EarlGreyBootcampTests.debug.xcconfig"; path = "Pods/Target Support Files/Pods-EarlGreyBootcampTests/Pods-EarlGreyBootcampTests.debug.xcconfig"; sourceTree = "<group>"; };
		899F644BCA722E2DCE9F05AE /* libPods-EarlGreyBootcampTests.a */ = {isa = PBXFileReference; explicitFileType = archive.ar; includeInIndex = 0; path = "libPods-EarlGreyBootcampTests.a"; sourceTree = BUILT_PRODUCTS_DIR; };
		ABC704E51D00C29300C1D606 /* EarlGreyBootcamp.app */ = {isa = PBXFileReference; explicitFileType = wrapper.application; includeInIndex = 0; path = EarlGreyBootcamp.app; sourceTree = BUILT_PRODUCTS_DIR; };
		ABC704E91D00C29300C1D606 /* main.m */ = {isa = PBXFileReference; lastKnownFileType = sourcecode.c.objc; path = main.m; sourceTree = "<group>"; };
		ABC704EB1D00C29300C1D606 /* AppDelegate.h */ = {isa = PBXFileReference; lastKnownFileType = sourcecode.c.h; path = AppDelegate.h; sourceTree = "<group>"; };
		ABC704EC1D00C29300C1D606 /* AppDelegate.m */ = {isa = PBXFileReference; lastKnownFileType = sourcecode.c.objc; path = AppDelegate.m; sourceTree = "<group>"; };
		ABC704F41D00C29300C1D606 /* Assets.xcassets */ = {isa = PBXFileReference; lastKnownFileType = folder.assetcatalog; path = Assets.xcassets; sourceTree = "<group>"; };
		ABC704F71D00C29300C1D606 /* Base */ = {isa = PBXFileReference; lastKnownFileType = file.storyboard; name = Base; path = Base.lproj/LaunchScreen.storyboard; sourceTree = "<group>"; };
		ABC704F91D00C29300C1D606 /* Info.plist */ = {isa = PBXFileReference; lastKnownFileType = text.plist.xml; path = Info.plist; sourceTree = "<group>"; };
		ABC7050C1D00C48300C1D606 /* Pivot.h */ = {isa = PBXFileReference; fileEncoding = 4; lastKnownFileType = sourcecode.c.h; path = Pivot.h; sourceTree = "<group>"; };
		ABC7050D1D00C48300C1D606 /* Pivot.m */ = {isa = PBXFileReference; fileEncoding = 4; lastKnownFileType = sourcecode.c.objc; path = Pivot.m; sourceTree = "<group>"; };
		ABC7050E1D00C48300C1D606 /* PrefixHeader.pch */ = {isa = PBXFileReference; fileEncoding = 4; lastKnownFileType = sourcecode.c.h; path = PrefixHeader.pch; sourceTree = "<group>"; };
		ABC705101D00C58B00C1D606 /* BootcampTableViewController.h */ = {isa = PBXFileReference; fileEncoding = 4; lastKnownFileType = sourcecode.c.h; path = BootcampTableViewController.h; sourceTree = "<group>"; };
		ABC705111D00C58B00C1D606 /* BootcampTableViewController.m */ = {isa = PBXFileReference; fileEncoding = 4; lastKnownFileType = sourcecode.c.objc; path = BootcampTableViewController.m; sourceTree = "<group>"; };
		ABC705121D00C58B00C1D606 /* BootcampTableViewController.xib */ = {isa = PBXFileReference; fileEncoding = 4; lastKnownFileType = file.xib; path = BootcampTableViewController.xib; sourceTree = "<group>"; };
		ABC705131D00C58B00C1D606 /* Constants.h */ = {isa = PBXFileReference; fileEncoding = 4; lastKnownFileType = sourcecode.c.h; path = Constants.h; sourceTree = "<group>"; };
		ABC705141D00C58B00C1D606 /* Constants.m */ = {isa = PBXFileReference; fileEncoding = 4; lastKnownFileType = sourcecode.c.objc; path = Constants.m; sourceTree = "<group>"; };
		ABC705151D00C58B00C1D606 /* DetailsViewController.h */ = {isa = PBXFileReference; fileEncoding = 4; lastKnownFileType = sourcecode.c.h; path = DetailsViewController.h; sourceTree = "<group>"; };
		ABC705161D00C58B00C1D606 /* DetailsViewController.m */ = {isa = PBXFileReference; fileEncoding = 4; lastKnownFileType = sourcecode.c.objc; path = DetailsViewController.m; sourceTree = "<group>"; };
		ABC705171D00C58B00C1D606 /* DetailsViewController.xib */ = {isa = PBXFileReference; fileEncoding = 4; lastKnownFileType = file.xib; path = DetailsViewController.xib; sourceTree = "<group>"; };
		AE04902D1D1C8DE80047CB7F /* EarlGrey.framework */ = {isa = PBXFileReference; lastKnownFileType = wrapper.framework; name = EarlGrey.framework; path = "Pods/EarlGrey/EarlGrey-1.0.0/EarlGrey.framework"; sourceTree = "<group>"; };
		AE04902F1D1C8E2F0047CB7F /* ExampleTest1.m */ = {isa = PBXFileReference; fileEncoding = 4; lastKnownFileType = sourcecode.c.objc; path = ExampleTest1.m; sourceTree = "<group>"; };
		AE796D061D1C954E0077681C /* Pods.xcodeproj */ = {isa = PBXFileReference; lastKnownFileType = "wrapper.pb-project"; name = Pods.xcodeproj; path = Pods/Pods.xcodeproj; sourceTree = "<group>"; };
		AEA5C4B81D1C8B00005D15F4 /* EarlGreyBootcampTests.xctest */ = {isa = PBXFileReference; explicitFileType = wrapper.cfbundle; includeInIndex = 0; path = EarlGreyBootcampTests.xctest; sourceTree = BUILT_PRODUCTS_DIR; };
		AEA5C4BA1D1C8B00005D15F4 /* EarlGreyBootcampTests.m */ = {isa = PBXFileReference; lastKnownFileType = sourcecode.c.objc; path = EarlGreyBootcampTests.m; sourceTree = "<group>"; };
		AEA5C4BC1D1C8B00005D15F4 /* Info.plist */ = {isa = PBXFileReference; lastKnownFileType = text.plist.xml; path = Info.plist; sourceTree = "<group>"; };
		B9FFC7FCF5715336D1888A2A /* libPods-EarlGreyBootcamp.a */ = {isa = PBXFileReference; explicitFileType = archive.ar; includeInIndex = 0; path = "libPods-EarlGreyBootcamp.a"; sourceTree = BUILT_PRODUCTS_DIR; };
		CA323E11A4AF061748F8A00F /* Pods-EarlGreyBootcamp.release.xcconfig */ = {isa = PBXFileReference; includeInIndex = 1; lastKnownFileType = text.xcconfig; name = "Pods-EarlGreyBootcamp.release.xcconfig"; path = "Pods/Target Support Files/Pods-EarlGreyBootcamp/Pods-EarlGreyBootcamp.release.xcconfig"; sourceTree = "<group>"; };
/* End PBXFileReference section */

/* Begin PBXFrameworksBuildPhase section */
		ABC704E21D00C29300C1D606 /* Frameworks */ = {
			isa = PBXFrameworksBuildPhase;
			buildActionMask = 2147483647;
			files = (
				3C8B976D32A33441FE984434 /* libPods-EarlGreyBootcamp.a in Frameworks */,
			);
			runOnlyForDeploymentPostprocessing = 0;
		};
		AEA5C4B51D1C8B00005D15F4 /* Frameworks */ = {
			isa = PBXFrameworksBuildPhase;
			buildActionMask = 2147483647;
			files = (
				C64B824A087117AEBE2FA682 /* libPods-EarlGreyBootcampTests.a in Frameworks */,
			);
			runOnlyForDeploymentPostprocessing = 0;
		};
/* End PBXFrameworksBuildPhase section */

/* Begin PBXGroup section */
		9C4CD636846DEDBDF199B742 /* Frameworks */ = {
			isa = PBXGroup;
			children = (
				AE796D061D1C954E0077681C /* Pods.xcodeproj */,
				899F644BCA722E2DCE9F05AE /* libPods-EarlGreyBootcampTests.a */,
				B9FFC7FCF5715336D1888A2A /* libPods-EarlGreyBootcamp.a */,
			);
			name = Frameworks;
			sourceTree = "<group>";
		};
		ABC704DC1D00C29300C1D606 = {
			isa = PBXGroup;
			children = (
				AE04902F1D1C8E2F0047CB7F /* ExampleTest1.m */,
				AE04902D1D1C8DE80047CB7F /* EarlGrey.framework */,
				ABC704E71D00C29300C1D606 /* EarlGreyBootcamp */,
				AEA5C4B91D1C8B00005D15F4 /* EarlGreyBootcampTests */,
				ABC704E61D00C29300C1D606 /* Products */,
				D91EB88C9792D38F2BFDBD74 /* Pods */,
				9C4CD636846DEDBDF199B742 /* Frameworks */,
			);
			sourceTree = "<group>";
		};
		ABC704E61D00C29300C1D606 /* Products */ = {
			isa = PBXGroup;
			children = (
				ABC704E51D00C29300C1D606 /* EarlGreyBootcamp.app */,
				AEA5C4B81D1C8B00005D15F4 /* EarlGreyBootcampTests.xctest */,
			);
			name = Products;
			sourceTree = "<group>";
		};
		ABC704E71D00C29300C1D606 /* EarlGreyBootcamp */ = {
			isa = PBXGroup;
			children = (
				ABC704EB1D00C29300C1D606 /* AppDelegate.h */,
				ABC704EC1D00C29300C1D606 /* AppDelegate.m */,
				ABC704F41D00C29300C1D606 /* Assets.xcassets */,
				ABC705101D00C58B00C1D606 /* BootcampTableViewController.h */,
				ABC705111D00C58B00C1D606 /* BootcampTableViewController.m */,
				ABC705121D00C58B00C1D606 /* BootcampTableViewController.xib */,
				ABC705131D00C58B00C1D606 /* Constants.h */,
				ABC705141D00C58B00C1D606 /* Constants.m */,
				ABC705151D00C58B00C1D606 /* DetailsViewController.h */,
				ABC705161D00C58B00C1D606 /* DetailsViewController.m */,
				ABC705171D00C58B00C1D606 /* DetailsViewController.xib */,
				ABC704F91D00C29300C1D606 /* Info.plist */,
				ABC704F61D00C29300C1D606 /* LaunchScreen.storyboard */,
				ABC7050C1D00C48300C1D606 /* Pivot.h */,
				ABC7050D1D00C48300C1D606 /* Pivot.m */,
				ABC704E81D00C29300C1D606 /* Supporting Files */,
			);
			path = EarlGreyBootcamp;
			sourceTree = "<group>";
		};
		ABC704E81D00C29300C1D606 /* Supporting Files */ = {
			isa = PBXGroup;
			children = (
				ABC7050E1D00C48300C1D606 /* PrefixHeader.pch */,
				ABC704E91D00C29300C1D606 /* main.m */,
			);
			name = "Supporting Files";
			sourceTree = "<group>";
		};
		AE796D071D1C954E0077681C /* Products */ = {
			isa = PBXGroup;
			children = (
				AE796D0F1D1C954E0077681C /* libAFNetworking.a */,
				AE796D111D1C954E0077681C /* libKSDeferred.a */,
				AE796D131D1C954E0077681C /* libMantle.a */,
				AE796D151D1C954E0077681C /* libPods-EarlGreyBootcamp.a */,
				AE796D171D1C954E0077681C /* libPods-EarlGreyBootcampTests.a */,
			);
			name = Products;
			sourceTree = "<group>";
		};
		AEA5C4B91D1C8B00005D15F4 /* EarlGreyBootcampTests */ = {
			isa = PBXGroup;
			children = (
				AEA5C4BA1D1C8B00005D15F4 /* EarlGreyBootcampTests.m */,
				AEA5C4BC1D1C8B00005D15F4 /* Info.plist */,
			);
			path = EarlGreyBootcampTests;
			sourceTree = "<group>";
		};
		D91EB88C9792D38F2BFDBD74 /* Pods */ = {
			isa = PBXGroup;
			children = (
				7251A28E15878A01B9B58102 /* Pods-EarlGreyBootcampTests.debug.xcconfig */,
				103E506320E2F41939F93602 /* Pods-EarlGreyBootcampTests.release.xcconfig */,
				075A668231E53D432C160190 /* Pods-EarlGreyBootcamp.debug.xcconfig */,
				CA323E11A4AF061748F8A00F /* Pods-EarlGreyBootcamp.release.xcconfig */,
			);
			name = Pods;
			sourceTree = "<group>";
		};
/* End PBXGroup section */

/* Begin PBXNativeTarget section */
		ABC704E41D00C29300C1D606 /* EarlGreyBootcamp */ = {
			isa = PBXNativeTarget;
			buildConfigurationList = ABC704FC1D00C29300C1D606 /* Build configuration list for PBXNativeTarget "EarlGreyBootcamp" */;
			buildPhases = (
				20636F84B8CE1685B7D30133 /* [CP] Check Pods Manifest.lock */,
				ABC704E11D00C29300C1D606 /* Sources */,
				ABC704E21D00C29300C1D606 /* Frameworks */,
				ABC704E31D00C29300C1D606 /* Resources */,
				3D9DB923DAC78E09FB811C0C /* [CP] Embed Pods Frameworks */,
				873A35956BE4DF8DA8BDA1C0 /* [CP] Copy Pods Resources */,
			);
			buildRules = (
			);
			dependencies = (
			);
			name = EarlGreyBootcamp;
			productName = EarlGreyBootcamp;
			productReference = ABC704E51D00C29300C1D606 /* EarlGreyBootcamp.app */;
			productType = "com.apple.product-type.application";
		};
		AEA5C4B71D1C8B00005D15F4 /* EarlGreyBootcampTests */ = {
			isa = PBXNativeTarget;
			buildConfigurationList = AEA5C4C11D1C8B00005D15F4 /* Build configuration list for PBXNativeTarget "EarlGreyBootcampTests" */;
			buildPhases = (
				7F1CEC4BD28D1AC6A6028084 /* [CP] Check Pods Manifest.lock */,
				AEA5C4B41D1C8B00005D15F4 /* Sources */,
				AEA5C4B51D1C8B00005D15F4 /* Frameworks */,
				AEA5C4B61D1C8B00005D15F4 /* Resources */,
				E0D511C63BF585CFA4F37D1D /* [CP] Embed Pods Frameworks */,
				380428DC448D3FF0500420D5 /* [CP] Copy Pods Resources */,
				AE04902C1D1C8D9D0047CB7F /* CopyFiles */,
			);
			buildRules = (
			);
			dependencies = (
				AEA5C4BE1D1C8B00005D15F4 /* PBXTargetDependency */,
			);
			name = EarlGreyBootcampTests;
			productName = EarlGreyBootcampTests;
			productReference = AEA5C4B81D1C8B00005D15F4 /* EarlGreyBootcampTests.xctest */;
			productType = "com.apple.product-type.bundle.unit-test";
		};
/* End PBXNativeTarget section */

/* Begin PBXProject section */
		ABC704DD1D00C29300C1D606 /* Project object */ = {
			isa = PBXProject;
			attributes = {
				LastUpgradeCheck = 0730;
				ORGANIZATIONNAME = Pivotal;
				TargetAttributes = {
					ABC704E41D00C29300C1D606 = {
						CreatedOnToolsVersion = 7.3.1;
					};
					AEA5C4B71D1C8B00005D15F4 = {
						CreatedOnToolsVersion = 7.3.1;
						TestTargetID = ABC704E41D00C29300C1D606;
					};
				};
			};
			buildConfigurationList = ABC704E01D00C29300C1D606 /* Build configuration list for PBXProject "EarlGreyBootcamp" */;
			compatibilityVersion = "Xcode 3.2";
			developmentRegion = English;
			hasScannedForEncodings = 0;
			knownRegions = (
				en,
				Base,
			);
			mainGroup = ABC704DC1D00C29300C1D606;
			productRefGroup = ABC704E61D00C29300C1D606 /* Products */;
			projectDirPath = "";
			projectReferences = (
				{
					ProductGroup = AE796D071D1C954E0077681C /* Products */;
					ProjectRef = AE796D061D1C954E0077681C /* Pods.xcodeproj */;
				},
			);
			projectRoot = "";
			targets = (
				ABC704E41D00C29300C1D606 /* EarlGreyBootcamp */,
				AEA5C4B71D1C8B00005D15F4 /* EarlGreyBootcampTests */,
			);
		};
/* End PBXProject section */

/* Begin PBXReferenceProxy section */
		AE796D0F1D1C954E0077681C /* libAFNetworking.a */ = {
			isa = PBXReferenceProxy;
			fileType = archive.ar;
			path = libAFNetworking.a;
			remoteRef = AE796D0E1D1C954E0077681C /* PBXContainerItemProxy */;
			sourceTree = BUILT_PRODUCTS_DIR;
		};
		AE796D111D1C954E0077681C /* libKSDeferred.a */ = {
			isa = PBXReferenceProxy;
			fileType = archive.ar;
			path = libKSDeferred.a;
			remoteRef = AE796D101D1C954E0077681C /* PBXContainerItemProxy */;
			sourceTree = BUILT_PRODUCTS_DIR;
		};
		AE796D131D1C954E0077681C /* libMantle.a */ = {
			isa = PBXReferenceProxy;
			fileType = archive.ar;
			path = libMantle.a;
			remoteRef = AE796D121D1C954E0077681C /* PBXContainerItemProxy */;
			sourceTree = BUILT_PRODUCTS_DIR;
		};
		AE796D151D1C954E0077681C /* libPods-EarlGreyBootcamp.a */ = {
			isa = PBXReferenceProxy;
			fileType = archive.ar;
			path = "libPods-EarlGreyBootcamp.a";
			remoteRef = AE796D141D1C954E0077681C /* PBXContainerItemProxy */;
			sourceTree = BUILT_PRODUCTS_DIR;
		};
		AE796D171D1C954E0077681C /* libPods-EarlGreyBootcampTests.a */ = {
			isa = PBXReferenceProxy;
			fileType = archive.ar;
			path = "libPods-EarlGreyBootcampTests.a";
			remoteRef = AE796D161D1C954E0077681C /* PBXContainerItemProxy */;
			sourceTree = BUILT_PRODUCTS_DIR;
		};
/* End PBXReferenceProxy section */

/* Begin PBXResourcesBuildPhase section */
		ABC704E31D00C29300C1D606 /* Resources */ = {
			isa = PBXResourcesBuildPhase;
			buildActionMask = 2147483647;
			files = (
				ABC704F81D00C29300C1D606 /* LaunchScreen.storyboard in Resources */,
				ABC705191D00C58B00C1D606 /* BootcampTableViewController.xib in Resources */,
				ABC704F51D00C29300C1D606 /* Assets.xcassets in Resources */,
				ABC7051C1D00C58B00C1D606 /* DetailsViewController.xib in Resources */,
			);
			runOnlyForDeploymentPostprocessing = 0;
		};
		AEA5C4B61D1C8B00005D15F4 /* Resources */ = {
			isa = PBXResourcesBuildPhase;
			buildActionMask = 2147483647;
			files = (
			);
			runOnlyForDeploymentPostprocessing = 0;
		};
/* End PBXResourcesBuildPhase section */

/* Begin PBXShellScriptBuildPhase section */
		20636F84B8CE1685B7D30133 /* [CP] Check Pods Manifest.lock */ = {
			isa = PBXShellScriptBuildPhase;
			buildActionMask = 2147483647;
			files = (
			);
			inputPaths = (
			);
			name = "[CP] Check Pods Manifest.lock";
			outputPaths = (
			);
			runOnlyForDeploymentPostprocessing = 0;
			shellPath = /bin/sh;
			shellScript = "diff \"${PODS_ROOT}/../Podfile.lock\" \"${PODS_ROOT}/Manifest.lock\" > /dev/null\nif [[ $? != 0 ]] ; then\n    cat << EOM\nerror: The sandbox is not in sync with the Podfile.lock. Run 'pod install' or update your CocoaPods installation.\nEOM\n    exit 1\nfi\n";
			showEnvVarsInLog = 0;
		};
		380428DC448D3FF0500420D5 /* [CP] Copy Pods Resources */ = {
			isa = PBXShellScriptBuildPhase;
			buildActionMask = 2147483647;
			files = (
			);
			inputPaths = (
			);
			name = "[CP] Copy Pods Resources";
			outputPaths = (
			);
			runOnlyForDeploymentPostprocessing = 0;
			shellPath = /bin/sh;
			shellScript = "\"${SRCROOT}/Pods/Target Support Files/Pods-EarlGreyBootcampTests/Pods-EarlGreyBootcampTests-resources.sh\"\n";
			showEnvVarsInLog = 0;
		};
		3D9DB923DAC78E09FB811C0C /* [CP] Embed Pods Frameworks */ = {
			isa = PBXShellScriptBuildPhase;
			buildActionMask = 2147483647;
			files = (
			);
			inputPaths = (
			);
			name = "[CP] Embed Pods Frameworks";
			outputPaths = (
			);
			runOnlyForDeploymentPostprocessing = 0;
			shellPath = /bin/sh;
			shellScript = "\"${SRCROOT}/Pods/Target Support Files/Pods-EarlGreyBootcamp/Pods-EarlGreyBootcamp-frameworks.sh\"\n";
			showEnvVarsInLog = 0;
		};
		7F1CEC4BD28D1AC6A6028084 /* [CP] Check Pods Manifest.lock */ = {
			isa = PBXShellScriptBuildPhase;
			buildActionMask = 2147483647;
			files = (
			);
			inputPaths = (
			);
			name = "[CP] Check Pods Manifest.lock";
			outputPaths = (
			);
			runOnlyForDeploymentPostprocessing = 0;
			shellPath = /bin/sh;
			shellScript = "diff \"${PODS_ROOT}/../Podfile.lock\" \"${PODS_ROOT}/Manifest.lock\" > /dev/null\nif [[ $? != 0 ]] ; then\n    cat << EOM\nerror: The sandbox is not in sync with the Podfile.lock. Run 'pod install' or update your CocoaPods installation.\nEOM\n    exit 1\nfi\n";
			showEnvVarsInLog = 0;
		};
		873A35956BE4DF8DA8BDA1C0 /* [CP] Copy Pods Resources */ = {
			isa = PBXShellScriptBuildPhase;
			buildActionMask = 2147483647;
			files = (
			);
			inputPaths = (
			);
			name = "[CP] Copy Pods Resources";
			outputPaths = (
			);
			runOnlyForDeploymentPostprocessing = 0;
			shellPath = /bin/sh;
			shellScript = "\"${SRCROOT}/Pods/Target Support Files/Pods-EarlGreyBootcamp/Pods-EarlGreyBootcamp-resources.sh\"\n";
			showEnvVarsInLog = 0;
		};
		E0D511C63BF585CFA4F37D1D /* [CP] Embed Pods Frameworks */ = {
			isa = PBXShellScriptBuildPhase;
			buildActionMask = 2147483647;
			files = (
			);
			inputPaths = (
			);
			name = "[CP] Embed Pods Frameworks";
			outputPaths = (
			);
			runOnlyForDeploymentPostprocessing = 0;
			shellPath = /bin/sh;
			shellScript = "\"${SRCROOT}/Pods/Target Support Files/Pods-EarlGreyBootcampTests/Pods-EarlGreyBootcampTests-frameworks.sh\"\n";
			showEnvVarsInLog = 0;
		};
/* End PBXShellScriptBuildPhase section */

/* Begin PBXSourcesBuildPhase section */
		ABC704E11D00C29300C1D606 /* Sources */ = {
			isa = PBXSourcesBuildPhase;
			buildActionMask = 2147483647;
			files = (
				ABC7051A1D00C58B00C1D606 /* Constants.m in Sources */,
				ABC705181D00C58B00C1D606 /* BootcampTableViewController.m in Sources */,
				ABC7050F1D00C48300C1D606 /* Pivot.m in Sources */,
				ABC7051B1D00C58B00C1D606 /* DetailsViewController.m in Sources */,
				ABC704ED1D00C29300C1D606 /* AppDelegate.m in Sources */,
				ABC704EA1D00C29300C1D606 /* main.m in Sources */,
			);
			runOnlyForDeploymentPostprocessing = 0;
		};
		AEA5C4B41D1C8B00005D15F4 /* Sources */ = {
			isa = PBXSourcesBuildPhase;
			buildActionMask = 2147483647;
			files = (
				AE0490301D1C8E2F0047CB7F /* ExampleTest1.m in Sources */,
				AEA5C4BB1D1C8B00005D15F4 /* EarlGreyBootcampTests.m in Sources */,
			);
			runOnlyForDeploymentPostprocessing = 0;
		};
/* End PBXSourcesBuildPhase section */

/* Begin PBXTargetDependency section */
		AEA5C4BE1D1C8B00005D15F4 /* PBXTargetDependency */ = {
			isa = PBXTargetDependency;
			target = ABC704E41D00C29300C1D606 /* EarlGreyBootcamp */;
			targetProxy = AEA5C4BD1D1C8B00005D15F4 /* PBXContainerItemProxy */;
		};
/* End PBXTargetDependency section */

/* Begin PBXVariantGroup section */
		ABC704F61D00C29300C1D606 /* LaunchScreen.storyboard */ = {
			isa = PBXVariantGroup;
			children = (
				ABC704F71D00C29300C1D606 /* Base */,
			);
			name = LaunchScreen.storyboard;
			sourceTree = "<group>";
		};
/* End PBXVariantGroup section */

/* Begin XCBuildConfiguration section */
		ABC704FA1D00C29300C1D606 /* Debug */ = {
			isa = XCBuildConfiguration;
			buildSettings = {
				ALWAYS_SEARCH_USER_PATHS = NO;
				CLANG_ANALYZER_NONNULL = YES;
				CLANG_CXX_LANGUAGE_STANDARD = "gnu++0x";
				CLANG_CXX_LIBRARY = "libc++";
				CLANG_ENABLE_MODULES = YES;
				CLANG_ENABLE_OBJC_ARC = YES;
				CLANG_WARN_BOOL_CONVERSION = YES;
				CLANG_WARN_CONSTANT_CONVERSION = YES;
				CLANG_WARN_DIRECT_OBJC_ISA_USAGE = YES_ERROR;
				CLANG_WARN_EMPTY_BODY = YES;
				CLANG_WARN_ENUM_CONVERSION = YES;
				CLANG_WARN_INT_CONVERSION = YES;
				CLANG_WARN_OBJC_ROOT_CLASS = YES_ERROR;
				CLANG_WARN_UNREACHABLE_CODE = YES;
				CLANG_WARN__DUPLICATE_METHOD_MATCH = YES;
				"CODE_SIGN_IDENTITY[sdk=iphoneos*]" = "iPhone Developer";
				COPY_PHASE_STRIP = NO;
				DEBUG_INFORMATION_FORMAT = dwarf;
				ENABLE_STRICT_OBJC_MSGSEND = YES;
				ENABLE_TESTABILITY = YES;
				GCC_C_LANGUAGE_STANDARD = gnu99;
				GCC_DYNAMIC_NO_PIC = NO;
				GCC_NO_COMMON_BLOCKS = YES;
				GCC_OPTIMIZATION_LEVEL = 0;
				GCC_PREFIX_HEADER = EarlGreyBootcamp/PrefixHeader.pch;
				GCC_PREPROCESSOR_DEFINITIONS = (
					"DEBUG=1",
					"$(inherited)",
				);
				GCC_WARN_64_TO_32_BIT_CONVERSION = YES;
				GCC_WARN_ABOUT_RETURN_TYPE = YES_ERROR;
				GCC_WARN_UNDECLARED_SELECTOR = YES;
				GCC_WARN_UNINITIALIZED_AUTOS = YES_AGGRESSIVE;
				GCC_WARN_UNUSED_FUNCTION = YES;
				GCC_WARN_UNUSED_VARIABLE = YES;
				IPHONEOS_DEPLOYMENT_TARGET = 9.3;
				MTL_ENABLE_DEBUG_INFO = YES;
				ONLY_ACTIVE_ARCH = YES;
				SDKROOT = iphoneos;
				TARGETED_DEVICE_FAMILY = "1,2";
			};
			name = Debug;
		};
		ABC704FB1D00C29300C1D606 /* Release */ = {
			isa = XCBuildConfiguration;
			buildSettings = {
				ALWAYS_SEARCH_USER_PATHS = NO;
				CLANG_ANALYZER_NONNULL = YES;
				CLANG_CXX_LANGUAGE_STANDARD = "gnu++0x";
				CLANG_CXX_LIBRARY = "libc++";
				CLANG_ENABLE_MODULES = YES;
				CLANG_ENABLE_OBJC_ARC = YES;
				CLANG_WARN_BOOL_CONVERSION = YES;
				CLANG_WARN_CONSTANT_CONVERSION = YES;
				CLANG_WARN_DIRECT_OBJC_ISA_USAGE = YES_ERROR;
				CLANG_WARN_EMPTY_BODY = YES;
				CLANG_WARN_ENUM_CONVERSION = YES;
				CLANG_WARN_INT_CONVERSION = YES;
				CLANG_WARN_OBJC_ROOT_CLASS = YES_ERROR;
				CLANG_WARN_UNREACHABLE_CODE = YES;
				CLANG_WARN__DUPLICATE_METHOD_MATCH = YES;
				"CODE_SIGN_IDENTITY[sdk=iphoneos*]" = "iPhone Developer";
				COPY_PHASE_STRIP = NO;
				DEBUG_INFORMATION_FORMAT = "dwarf-with-dsym";
				ENABLE_NS_ASSERTIONS = NO;
				ENABLE_STRICT_OBJC_MSGSEND = YES;
				GCC_C_LANGUAGE_STANDARD = gnu99;
				GCC_NO_COMMON_BLOCKS = YES;
				GCC_PREFIX_HEADER = EarlGreyBootcamp/PrefixHeader.pch;
				GCC_WARN_64_TO_32_BIT_CONVERSION = YES;
				GCC_WARN_ABOUT_RETURN_TYPE = YES_ERROR;
				GCC_WARN_UNDECLARED_SELECTOR = YES;
				GCC_WARN_UNINITIALIZED_AUTOS = YES_AGGRESSIVE;
				GCC_WARN_UNUSED_FUNCTION = YES;
				GCC_WARN_UNUSED_VARIABLE = YES;
				IPHONEOS_DEPLOYMENT_TARGET = 9.3;
				MTL_ENABLE_DEBUG_INFO = NO;
				SDKROOT = iphoneos;
				TARGETED_DEVICE_FAMILY = "1,2";
				VALIDATE_PRODUCT = YES;
			};
			name = Release;
		};
		ABC704FD1D00C29300C1D606 /* Debug */ = {
			isa = XCBuildConfiguration;
			baseConfigurationReference = 075A668231E53D432C160190 /* Pods-EarlGreyBootcamp.debug.xcconfig */;
			buildSettings = {
				ASSETCATALOG_COMPILER_APPICON_NAME = AppIcon;
				INFOPLIST_FILE = EarlGreyBootcamp/Info.plist;
				LD_RUNPATH_SEARCH_PATHS = "$(inherited) @executable_path/Frameworks";
				PRODUCT_BUNDLE_IDENTIFIER = com.pivotal.EarlGreyBootcamp;
				PRODUCT_NAME = "$(TARGET_NAME)";
			};
			name = Debug;
		};
		ABC704FE1D00C29300C1D606 /* Release */ = {
			isa = XCBuildConfiguration;
			baseConfigurationReference = CA323E11A4AF061748F8A00F /* Pods-EarlGreyBootcamp.release.xcconfig */;
			buildSettings = {
				ASSETCATALOG_COMPILER_APPICON_NAME = AppIcon;
				INFOPLIST_FILE = EarlGreyBootcamp/Info.plist;
				LD_RUNPATH_SEARCH_PATHS = "$(inherited) @executable_path/Frameworks";
				PRODUCT_BUNDLE_IDENTIFIER = com.pivotal.EarlGreyBootcamp;
				PRODUCT_NAME = "$(TARGET_NAME)";
			};
			name = Release;
		};
		AEA5C4BF1D1C8B00005D15F4 /* Debug */ = {
			isa = XCBuildConfiguration;
			baseConfigurationReference = 7251A28E15878A01B9B58102 /* Pods-EarlGreyBootcampTests.debug.xcconfig */;
			buildSettings = {
				BUNDLE_LOADER = "$(TEST_HOST)";
				INFOPLIST_FILE = EarlGreyBootcampTests/Info.plist;
				LD_RUNPATH_SEARCH_PATHS = "$(inherited) @executable_path/Frameworks @loader_path/Frameworks";
				PRODUCT_BUNDLE_IDENTIFIER = pivotal.EarlGreyBootcampTests;
				PRODUCT_NAME = "$(TARGET_NAME)";
				TEST_HOST = "$(BUILT_PRODUCTS_DIR)/EarlGreyBootcamp.app/EarlGreyBootcamp";
			};
			name = Debug;
		};
		AEA5C4C01D1C8B00005D15F4 /* Release */ = {
			isa = XCBuildConfiguration;
			baseConfigurationReference = 103E506320E2F41939F93602 /* Pods-EarlGreyBootcampTests.release.xcconfig */;
			buildSettings = {
				BUNDLE_LOADER = "$(TEST_HOST)";
				INFOPLIST_FILE = EarlGreyBootcampTests/Info.plist;
				LD_RUNPATH_SEARCH_PATHS = "$(inherited) @executable_path/Frameworks @loader_path/Frameworks";
				PRODUCT_BUNDLE_IDENTIFIER = pivotal.EarlGreyBootcampTests;
				PRODUCT_NAME = "$(TARGET_NAME)";
				TEST_HOST = "$(BUILT_PRODUCTS_DIR)/EarlGreyBootcamp.app/EarlGreyBootcamp";
			};
			name = Release;
		};
/* End XCBuildConfiguration section */

/* Begin XCConfigurationList section */
		ABC704E01D00C29300C1D606 /* Build configuration list for PBXProject "EarlGreyBootcamp" */ = {
			isa = XCConfigurationList;
			buildConfigurations = (
				ABC704FA1D00C29300C1D606 /* Debug */,
				ABC704FB1D00C29300C1D606 /* Release */,
			);
			defaultConfigurationIsVisible = 0;
			defaultConfigurationName = Release;
		};
		ABC704FC1D00C29300C1D606 /* Build configuration list for PBXNativeTarget "EarlGreyBootcamp" */ = {
			isa = XCConfigurationList;
			buildConfigurations = (
				ABC704FD1D00C29300C1D606 /* Debug */,
				ABC704FE1D00C29300C1D606 /* Release */,
			);
			defaultConfigurationIsVisible = 0;
			defaultConfigurationName = Release;
		};
		AEA5C4C11D1C8B00005D15F4 /* Build configuration list for PBXNativeTarget "EarlGreyBootcampTests" */ = {
			isa = XCConfigurationList;
			buildConfigurations = (
				AEA5C4BF1D1C8B00005D15F4 /* Debug */,
				AEA5C4C01D1C8B00005D15F4 /* Release */,
			);
			defaultConfigurationIsVisible = 0;
			defaultConfigurationName = Release;
		};
/* End XCConfigurationList section */
	};
	rootObject = ABC704DD1D00C29300C1D606 /* Project object */;
}
